// !$*UTF8*$!
{
	archiveVersion = 1;
	classes = {
	};
	objectVersion = 56;
	objects = {

/* Begin PBXBuildFile section */
		D723C3452A038638004B1591 /* GetPhotoLiveApp.swift in Sources */ = {isa = PBXBuildFile; fileRef = D723C3442A038638004B1591 /* GetPhotoLiveApp.swift */; };
		D723C3472A038638004B1591 /* ContentView.swift in Sources */ = {isa = PBXBuildFile; fileRef = D723C3462A038638004B1591 /* ContentView.swift */; };
		D723C3492A038639004B1591 /* Assets.xcassets in Resources */ = {isa = PBXBuildFile; fileRef = D723C3482A038639004B1591 /* Assets.xcassets */; };
		D723C34C2A038639004B1591 /* Preview Assets.xcassets in Resources */ = {isa = PBXBuildFile; fileRef = D723C34B2A038639004B1591 /* Preview Assets.xcassets */; };
		D723C3562A03863A004B1591 /* GetPhotoLiveTests.swift in Sources */ = {isa = PBXBuildFile; fileRef = D723C3552A03863A004B1591 /* GetPhotoLiveTests.swift */; };
		D723C3602A03863A004B1591 /* GetPhotoLiveUITests.swift in Sources */ = {isa = PBXBuildFile; fileRef = D723C35F2A03863A004B1591 /* GetPhotoLiveUITests.swift */; };
		D723C3622A03863A004B1591 /* GetPhotoLiveUITestsLaunchTests.swift in Sources */ = {isa = PBXBuildFile; fileRef = D723C3612A03863A004B1591 /* GetPhotoLiveUITestsLaunchTests.swift */; };
/* End PBXBuildFile section */

/* Begin PBXContainerItemProxy section */
		D723C3522A03863A004B1591 /* PBXContainerItemProxy */ = {
			isa = PBXContainerItemProxy;
			containerPortal = D723C3392A038638004B1591 /* Project object */;
			proxyType = 1;
			remoteGlobalIDString = D723C3402A038638004B1591;
			remoteInfo = GetPhotoLive;
		};
		D723C35C2A03863A004B1591 /* PBXContainerItemProxy */ = {
			isa = PBXContainerItemProxy;
			containerPortal = D723C3392A038638004B1591 /* Project object */;
			proxyType = 1;
			remoteGlobalIDString = D723C3402A038638004B1591;
			remoteInfo = GetPhotoLive;
		};
/* End PBXContainerItemProxy section */

/* Begin PBXFileReference section */
		D723C3412A038638004B1591 /* GetPhotoLive.app */ = {isa = PBXFileReference; explicitFileType = wrapper.application; includeInIndex = 0; path = GetPhotoLive.app; sourceTree = BUILT_PRODUCTS_DIR; };
		D723C3442A038638004B1591 /* GetPhotoLiveApp.swift */ = {isa = PBXFileReference; lastKnownFileType = sourcecode.swift; path = GetPhotoLiveApp.swift; sourceTree = "<group>"; };
		D723C3462A038638004B1591 /* ContentView.swift */ = {isa = PBXFileReference; lastKnownFileType = sourcecode.swift; path = ContentView.swift; sourceTree = "<group>"; };
		D723C3482A038639004B1591 /* Assets.xcassets */ = {isa = PBXFileReference; lastKnownFileType = folder.assetcatalog; path = Assets.xcassets; sourceTree = "<group>"; };
		D723C34B2A038639004B1591 /* Preview Assets.xcassets */ = {isa = PBXFileReference; lastKnownFileType = folder.assetcatalog; path = "Preview Assets.xcassets"; sourceTree = "<group>"; };
		D723C3512A03863A004B1591 /* GetPhotoLiveTests.xctest */ = {isa = PBXFileReference; explicitFileType = wrapper.cfbundle; includeInIndex = 0; path = GetPhotoLiveTests.xctest; sourceTree = BUILT_PRODUCTS_DIR; };
		D723C3552A03863A004B1591 /* GetPhotoLiveTests.swift */ = {isa = PBXFileReference; lastKnownFileType = sourcecode.swift; path = GetPhotoLiveTests.swift; sourceTree = "<group>"; };
		D723C35B2A03863A004B1591 /* GetPhotoLiveUITests.xctest */ = {isa = PBXFileReference; explicitFileType = wrapper.cfbundle; includeInIndex = 0; path = GetPhotoLiveUITests.xctest; sourceTree = BUILT_PRODUCTS_DIR; };
		D723C35F2A03863A004B1591 /* GetPhotoLiveUITests.swift */ = {isa = PBXFileReference; lastKnownFileType = sourcecode.swift; path = GetPhotoLiveUITests.swift; sourceTree = "<group>"; };
		D723C3612A03863A004B1591 /* GetPhotoLiveUITestsLaunchTests.swift */ = {isa = PBXFileReference; lastKnownFileType = sourcecode.swift; path = GetPhotoLiveUITestsLaunchTests.swift; sourceTree = "<group>"; };
/* End PBXFileReference section */

/* Begin PBXFrameworksBuildPhase section */
		D723C33E2A038638004B1591 /* Frameworks */ = {
			isa = PBXFrameworksBuildPhase;
			buildActionMask = 2147483647;
			files = (
			);
			runOnlyForDeploymentPostprocessing = 0;
		};
		D723C34E2A03863A004B1591 /* Frameworks */ = {
			isa = PBXFrameworksBuildPhase;
			buildActionMask = 2147483647;
			files = (
			);
			runOnlyForDeploymentPostprocessing = 0;
		};
		D723C3582A03863A004B1591 /* Frameworks */ = {
			isa = PBXFrameworksBuildPhase;
			buildActionMask = 2147483647;
			files = (
			);
			runOnlyForDeploymentPostprocessing = 0;
		};
/* End PBXFrameworksBuildPhase section */

/* Begin PBXGroup section */
		D723C3382A038638004B1591 = {
			isa = PBXGroup;
			children = (
				D723C3432A038638004B1591 /* GetPhotoLive */,
				D723C3542A03863A004B1591 /* GetPhotoLiveTests */,
				D723C35E2A03863A004B1591 /* GetPhotoLiveUITests */,
				D723C3422A038638004B1591 /* Products */,
			);
			sourceTree = "<group>";
		};
		D723C3422A038638004B1591 /* Products */ = {
			isa = PBXGroup;
			children = (
				D723C3412A038638004B1591 /* GetPhotoLive.app */,
				D723C3512A03863A004B1591 /* GetPhotoLiveTests.xctest */,
				D723C35B2A03863A004B1591 /* GetPhotoLiveUITests.xctest */,
			);
			name = Products;
			sourceTree = "<group>";
		};
		D723C3432A038638004B1591 /* GetPhotoLive */ = {
			isa = PBXGroup;
			children = (
				D723C3442A038638004B1591 /* GetPhotoLiveApp.swift */,
				D723C3462A038638004B1591 /* ContentView.swift */,
				D723C3482A038639004B1591 /* Assets.xcassets */,
				D723C34A2A038639004B1591 /* Preview Content */,
			);
			path = GetPhotoLive;
			sourceTree = "<group>";
		};
		D723C34A2A038639004B1591 /* Preview Content */ = {
			isa = PBXGroup;
			children = (
				D723C34B2A038639004B1591 /* Preview Assets.xcassets */,
			);
			path = "Preview Content";
			sourceTree = "<group>";
		};
		D723C3542A03863A004B1591 /* GetPhotoLiveTests */ = {
			isa = PBXGroup;
			children = (
				D723C3552A03863A004B1591 /* GetPhotoLiveTests.swift */,
			);
			path = GetPhotoLiveTests;
			sourceTree = "<group>";
		};
		D723C35E2A03863A004B1591 /* GetPhotoLiveUITests */ = {
			isa = PBXGroup;
			children = (
				D723C35F2A03863A004B1591 /* GetPhotoLiveUITests.swift */,
				D723C3612A03863A004B1591 /* GetPhotoLiveUITestsLaunchTests.swift */,
			);
			path = GetPhotoLiveUITests;
			sourceTree = "<group>";
		};
/* End PBXGroup section */

/* Begin PBXNativeTarget section */
		D723C3402A038638004B1591 /* GetPhotoLive */ = {
			isa = PBXNativeTarget;
			buildConfigurationList = D723C3652A03863A004B1591 /* Build configuration list for PBXNativeTarget "GetPhotoLive" */;
			buildPhases = (
				D723C33D2A038638004B1591 /* Sources */,
				D723C33E2A038638004B1591 /* Frameworks */,
				D723C33F2A038638004B1591 /* Resources */,
			);
			buildRules = (
			);
			dependencies = (
			);
			name = GetPhotoLive;
			productName = GetPhotoLive;
			productReference = D723C3412A038638004B1591 /* GetPhotoLive.app */;
			productType = "com.apple.product-type.application";
		};
		D723C3502A03863A004B1591 /* GetPhotoLiveTests */ = {
			isa = PBXNativeTarget;
			buildConfigurationList = D723C3682A03863A004B1591 /* Build configuration list for PBXNativeTarget "GetPhotoLiveTests" */;
			buildPhases = (
				D723C34D2A03863A004B1591 /* Sources */,
				D723C34E2A03863A004B1591 /* Frameworks */,
				D723C34F2A03863A004B1591 /* Resources */,
			);
			buildRules = (
			);
			dependencies = (
				D723C3532A03863A004B1591 /* PBXTargetDependency */,
			);
			name = GetPhotoLiveTests;
			productName = GetPhotoLiveTests;
			productReference = D723C3512A03863A004B1591 /* GetPhotoLiveTests.xctest */;
			productType = "com.apple.product-type.bundle.unit-test";
		};
		D723C35A2A03863A004B1591 /* GetPhotoLiveUITests */ = {
			isa = PBXNativeTarget;
			buildConfigurationList = D723C36B2A03863A004B1591 /* Build configuration list for PBXNativeTarget "GetPhotoLiveUITests" */;
			buildPhases = (
				D723C3572A03863A004B1591 /* Sources */,
				D723C3582A03863A004B1591 /* Frameworks */,
				D723C3592A03863A004B1591 /* Resources */,
			);
			buildRules = (
			);
			dependencies = (
				D723C35D2A03863A004B1591 /* PBXTargetDependency */,
			);
			name = GetPhotoLiveUITests;
			productName = GetPhotoLiveUITests;
			productReference = D723C35B2A03863A004B1591 /* GetPhotoLiveUITests.xctest */;
			productType = "com.apple.product-type.bundle.ui-testing";
		};
/* End PBXNativeTarget section */

/* Begin PBXProject section */
		D723C3392A038638004B1591 /* Project object */ = {
			isa = PBXProject;
			attributes = {
				BuildIndependentTargetsInParallel = 1;
				LastSwiftUpdateCheck = 1430;
				LastUpgradeCheck = 1430;
				TargetAttributes = {
					D723C3402A038638004B1591 = {
						CreatedOnToolsVersion = 14.3;
					};
					D723C3502A03863A004B1591 = {
						CreatedOnToolsVersion = 14.3;
						TestTargetID = D723C3402A038638004B1591;
					};
					D723C35A2A03863A004B1591 = {
						CreatedOnToolsVersion = 14.3;
						TestTargetID = D723C3402A038638004B1591;
					};
				};
			};
			buildConfigurationList = D723C33C2A038638004B1591 /* Build configuration list for PBXProject "GetPhotoLive" */;
			compatibilityVersion = "Xcode 14.0";
			developmentRegion = en;
			hasScannedForEncodings = 0;
			knownRegions = (
				en,
				Base,
			);
			mainGroup = D723C3382A038638004B1591;
			productRefGroup = D723C3422A038638004B1591 /* Products */;
			projectDirPath = "";
			projectRoot = "";
			targets = (
				D723C3402A038638004B1591 /* GetPhotoLive */,
				D723C3502A03863A004B1591 /* GetPhotoLiveTests */,
				D723C35A2A03863A004B1591 /* GetPhotoLiveUITests */,
			);
		};
/* End PBXProject section */

/* Begin PBXResourcesBuildPhase section */
		D723C33F2A038638004B1591 /* Resources */ = {
			isa = PBXResourcesBuildPhase;
			buildActionMask = 2147483647;
			files = (
				D723C34C2A038639004B1591 /* Preview Assets.xcassets in Resources */,
				D723C3492A038639004B1591 /* Assets.xcassets in Resources */,
			);
			runOnlyForDeploymentPostprocessing = 0;
		};
		D723C34F2A03863A004B1591 /* Resources */ = {
			isa = PBXResourcesBuildPhase;
			buildActionMask = 2147483647;
			files = (
			);
			runOnlyForDeploymentPostprocessing = 0;
		};
		D723C3592A03863A004B1591 /* Resources */ = {
			isa = PBXResourcesBuildPhase;
			buildActionMask = 2147483647;
			files = (
			);
			runOnlyForDeploymentPostprocessing = 0;
		};
/* End PBXResourcesBuildPhase section */

/* Begin PBXSourcesBuildPhase section */
		D723C33D2A038638004B1591 /* Sources */ = {
			isa = PBXSourcesBuildPhase;
			buildActionMask = 2147483647;
			files = (
				D723C3472A038638004B1591 /* ContentView.swift in Sources */,
				D723C3452A038638004B1591 /* GetPhotoLiveApp.swift in Sources */,
			);
			runOnlyForDeploymentPostprocessing = 0;
		};
		D723C34D2A03863A004B1591 /* Sources */ = {
			isa = PBXSourcesBuildPhase;
			buildActionMask = 2147483647;
			files = (
				D723C3562A03863A004B1591 /* GetPhotoLiveTests.swift in Sources */,
			);
			runOnlyForDeploymentPostprocessing = 0;
		};
		D723C3572A03863A004B1591 /* Sources */ = {
			isa = PBXSourcesBuildPhase;
			buildActionMask = 2147483647;
			files = (
				D723C3622A03863A004B1591 /* GetPhotoLiveUITestsLaunchTests.swift in Sources */,
				D723C3602A03863A004B1591 /* GetPhotoLiveUITests.swift in Sources */,
			);
			runOnlyForDeploymentPostprocessing = 0;
		};
/* End PBXSourcesBuildPhase section */

/* Begin PBXTargetDependency section */
		D723C3532A03863A004B1591 /* PBXTargetDependency */ = {
			isa = PBXTargetDependency;
			target = D723C3402A038638004B1591 /* GetPhotoLive */;
			targetProxy = D723C3522A03863A004B1591 /* PBXContainerItemProxy */;
		};
		D723C35D2A03863A004B1591 /* PBXTargetDependency */ = {
			isa = PBXTargetDependency;
			target = D723C3402A038638004B1591 /* GetPhotoLive */;
			targetProxy = D723C35C2A03863A004B1591 /* PBXContainerItemProxy */;
		};
/* End PBXTargetDependency section */

/* Begin XCBuildConfiguration section */
		D723C3632A03863A004B1591 /* Debug */ = {
			isa = XCBuildConfiguration;
			buildSettings = {
				ALWAYS_SEARCH_USER_PATHS = NO;
				CLANG_ANALYZER_NONNULL = YES;
				CLANG_ANALYZER_NUMBER_OBJECT_CONVERSION = YES_AGGRESSIVE;
				CLANG_CXX_LANGUAGE_STANDARD = "gnu++20";
				CLANG_ENABLE_MODULES = YES;
				CLANG_ENABLE_OBJC_ARC = YES;
				CLANG_ENABLE_OBJC_WEAK = YES;
				CLANG_WARN_BLOCK_CAPTURE_AUTORELEASING = YES;
				CLANG_WARN_BOOL_CONVERSION = YES;
				CLANG_WARN_COMMA = YES;
				CLANG_WARN_CONSTANT_CONVERSION = YES;
				CLANG_WARN_DEPRECATED_OBJC_IMPLEMENTATIONS = YES;
				CLANG_WARN_DIRECT_OBJC_ISA_USAGE = YES_ERROR;
				CLANG_WARN_DOCUMENTATION_COMMENTS = YES;
				CLANG_WARN_EMPTY_BODY = YES;
				CLANG_WARN_ENUM_CONVERSION = YES;
				CLANG_WARN_INFINITE_RECURSION = YES;
				CLANG_WARN_INT_CONVERSION = YES;
				CLANG_WARN_NON_LITERAL_NULL_CONVERSION = YES;
				CLANG_WARN_OBJC_IMPLICIT_RETAIN_SELF = YES;
				CLANG_WARN_OBJC_LITERAL_CONVERSION = YES;
				CLANG_WARN_OBJC_ROOT_CLASS = YES_ERROR;
				CLANG_WARN_QUOTED_INCLUDE_IN_FRAMEWORK_HEADER = YES;
				CLANG_WARN_RANGE_LOOP_ANALYSIS = YES;
				CLANG_WARN_STRICT_PROTOTYPES = YES;
				CLANG_WARN_SUSPICIOUS_MOVE = YES;
				CLANG_WARN_UNGUARDED_AVAILABILITY = YES_AGGRESSIVE;
				CLANG_WARN_UNREACHABLE_CODE = YES;
				CLANG_WARN__DUPLICATE_METHOD_MATCH = YES;
				COPY_PHASE_STRIP = NO;
				DEBUG_INFORMATION_FORMAT = dwarf;
				ENABLE_STRICT_OBJC_MSGSEND = YES;
				ENABLE_TESTABILITY = YES;
				GCC_C_LANGUAGE_STANDARD = gnu11;
				GCC_DYNAMIC_NO_PIC = NO;
				GCC_NO_COMMON_BLOCKS = YES;
				GCC_OPTIMIZATION_LEVEL = 0;
				GCC_PREPROCESSOR_DEFINITIONS = (
					"DEBUG=1",
					"$(inherited)",
				);
				GCC_WARN_64_TO_32_BIT_CONVERSION = YES;
				GCC_WARN_ABOUT_RETURN_TYPE = YES_ERROR;
				GCC_WARN_UNDECLARED_SELECTOR = YES;
				GCC_WARN_UNINITIALIZED_AUTOS = YES_AGGRESSIVE;
				GCC_WARN_UNUSED_FUNCTION = YES;
				GCC_WARN_UNUSED_VARIABLE = YES;
				IPHONEOS_DEPLOYMENT_TARGET = 16.4;
				MTL_ENABLE_DEBUG_INFO = INCLUDE_SOURCE;
				MTL_FAST_MATH = YES;
				ONLY_ACTIVE_ARCH = YES;
				SDKROOT = iphoneos;
				SWIFT_ACTIVE_COMPILATION_CONDITIONS = DEBUG;
				SWIFT_OPTIMIZATION_LEVEL = "-Onone";
			};
			name = Debug;
		};
		D723C3642A03863A004B1591 /* Release */ = {
			isa = XCBuildConfiguration;
			buildSettings = {
				ALWAYS_SEARCH_USER_PATHS = NO;
				CLANG_ANALYZER_NONNULL = YES;
				CLANG_ANALYZER_NUMBER_OBJECT_CONVERSION = YES_AGGRESSIVE;
				CLANG_CXX_LANGUAGE_STANDARD = "gnu++20";
				CLANG_ENABLE_MODULES = YES;
				CLANG_ENABLE_OBJC_ARC = YES;
				CLANG_ENABLE_OBJC_WEAK = YES;
				CLANG_WARN_BLOCK_CAPTURE_AUTORELEASING = YES;
				CLANG_WARN_BOOL_CONVERSION = YES;
				CLANG_WARN_COMMA = YES;
				CLANG_WARN_CONSTANT_CONVERSION = YES;
				CLANG_WARN_DEPRECATED_OBJC_IMPLEMENTATIONS = YES;
				CLANG_WARN_DIRECT_OBJC_ISA_USAGE = YES_ERROR;
				CLANG_WARN_DOCUMENTATION_COMMENTS = YES;
				CLANG_WARN_EMPTY_BODY = YES;
				CLANG_WARN_ENUM_CONVERSION = YES;
				CLANG_WARN_INFINITE_RECURSION = YES;
				CLANG_WARN_INT_CONVERSION = YES;
				CLANG_WARN_NON_LITERAL_NULL_CONVERSION = YES;
				CLANG_WARN_OBJC_IMPLICIT_RETAIN_SELF = YES;
				CLANG_WARN_OBJC_LITERAL_CONVERSION = YES;
				CLANG_WARN_OBJC_ROOT_CLASS = YES_ERROR;
				CLANG_WARN_QUOTED_INCLUDE_IN_FRAMEWORK_HEADER = YES;
				CLANG_WARN_RANGE_LOOP_ANALYSIS = YES;
				CLANG_WARN_STRICT_PROTOTYPES = YES;
				CLANG_WARN_SUSPICIOUS_MOVE = YES;
				CLANG_WARN_UNGUARDED_AVAILABILITY = YES_AGGRESSIVE;
				CLANG_WARN_UNREACHABLE_CODE = YES;
				CLANG_WARN__DUPLICATE_METHOD_MATCH = YES;
				COPY_PHASE_STRIP = NO;
				DEBUG_INFORMATION_FORMAT = "dwarf-with-dsym";
				ENABLE_NS_ASSERTIONS = NO;
				ENABLE_STRICT_OBJC_MSGSEND = YES;
				GCC_C_LANGUAGE_STANDARD = gnu11;
				GCC_NO_COMMON_BLOCKS = YES;
				GCC_WARN_64_TO_32_BIT_CONVERSION = YES;
				GCC_WARN_ABOUT_RETURN_TYPE = YES_ERROR;
				GCC_WARN_UNDECLARED_SELECTOR = YES;
				GCC_WARN_UNINITIALIZED_AUTOS = YES_AGGRESSIVE;
				GCC_WARN_UNUSED_FUNCTION = YES;
				GCC_WARN_UNUSED_VARIABLE = YES;
				IPHONEOS_DEPLOYMENT_TARGET = 16.4;
				MTL_ENABLE_DEBUG_INFO = NO;
				MTL_FAST_MATH = YES;
				SDKROOT = iphoneos;
				SWIFT_COMPILATION_MODE = wholemodule;
				SWIFT_OPTIMIZATION_LEVEL = "-O";
				VALIDATE_PRODUCT = YES;
			};
			name = Release;
		};
		D723C3662A03863A004B1591 /* Debug */ = {
			isa = XCBuildConfiguration;
			buildSettings = {
				ASSETCATALOG_COMPILER_APPICON_NAME = AppIcon;
				ASSETCATALOG_COMPILER_GLOBAL_ACCENT_COLOR_NAME = AccentColor;
				CODE_SIGN_STYLE = Automatic;
				CURRENT_PROJECT_VERSION = 1;
				DEVELOPMENT_ASSET_PATHS = "\"GetPhotoLive/Preview Content\"";
				DEVELOPMENT_TEAM = 5BU7UB3WPZ;
				ENABLE_PREVIEWS = YES;
				GENERATE_INFOPLIST_FILE = YES;
				INFOPLIST_KEY_NSPhotoLibraryUsageDescription = "This app needs access to your photo gallery to display your photos in the app";
				INFOPLIST_KEY_UIApplicationSceneManifest_Generation = YES;
				INFOPLIST_KEY_UIApplicationSupportsIndirectInputEvents = YES;
				INFOPLIST_KEY_UILaunchScreen_Generation = YES;
				INFOPLIST_KEY_UISupportedInterfaceOrientations_iPad = "UIInterfaceOrientationPortrait UIInterfaceOrientationPortraitUpsideDown UIInterfaceOrientationLandscapeLeft UIInterfaceOrientationLandscapeRight";
				INFOPLIST_KEY_UISupportedInterfaceOrientations_iPhone = "UIInterfaceOrientationPortrait UIInterfaceOrientationLandscapeLeft UIInterfaceOrientationLandscapeRight";
				LD_RUNPATH_SEARCH_PATHS = (
					"$(inherited)",
					"@executable_path/Frameworks",
				);
				MARKETING_VERSION = 1.0;
				PRODUCT_BUNDLE_IDENTIFIER = cencivic.GetPhotoLive;
				PRODUCT_NAME = "$(TARGET_NAME)";
				SWIFT_EMIT_LOC_STRINGS = YES;
				SWIFT_VERSION = 5.0;
				TARGETED_DEVICE_FAMILY = "1,2";
			};
			name = Debug;
		};
		D723C3672A03863A004B1591 /* Release */ = {
			isa = XCBuildConfiguration;
			buildSettings = {
				ASSETCATALOG_COMPILER_APPICON_NAME = AppIcon;
				ASSETCATALOG_COMPILER_GLOBAL_ACCENT_COLOR_NAME = AccentColor;
				CODE_SIGN_STYLE = Automatic;
				CURRENT_PROJECT_VERSION = 1;
				DEVELOPMENT_ASSET_PATHS = "\"GetPhotoLive/Preview Content\"";
				DEVELOPMENT_TEAM = 5BU7UB3WPZ;
				ENABLE_PREVIEWS = YES;
				GENERATE_INFOPLIST_FILE = YES;
				INFOPLIST_KEY_NSPhotoLibraryUsageDescription = "This app needs access to your photo gallery to display your photos in the app";
				INFOPLIST_KEY_UIApplicationSceneManifest_Generation = YES;
				INFOPLIST_KEY_UIApplicationSupportsIndirectInputEvents = YES;
				INFOPLIST_KEY_UILaunchScreen_Generation = YES;
				INFOPLIST_KEY_UISupportedInterfaceOrientations_iPad = "UIInterfaceOrientationPortrait UIInterfaceOrientationPortraitUpsideDown UIInterfaceOrientationLandscapeLeft UIInterfaceOrientationLandscapeRight";
				INFOPLIST_KEY_UISupportedInterfaceOrientations_iPhone = "UIInterfaceOrientationPortrait UIInterfaceOrientationLandscapeLeft UIInterfaceOrientationLandscapeRight";
				LD_RUNPATH_SEARCH_PATHS = (
					"$(inherited)",
					"@executable_path/Frameworks",
				);
				MARKETING_VERSION = 1.0;
				PRODUCT_BUNDLE_IDENTIFIER = cencivic.GetPhotoLive;
				PRODUCT_NAME = "$(TARGET_NAME)";
				SWIFT_EMIT_LOC_STRINGS = YES;
				SWIFT_VERSION = 5.0;
				TARGETED_DEVICE_FAMILY = "1,2";
			};
			name = Release;
		};
		D723C3692A03863A004B1591 /* Debug */ = {
			isa = XCBuildConfiguration;
			buildSettings = {
				ALWAYS_EMBED_SWIFT_STANDARD_LIBRARIES = YES;
				BUNDLE_LOADER = "$(TEST_HOST)";
				CODE_SIGN_STYLE = Automatic;
				CURRENT_PROJECT_VERSION = 1;
				GENERATE_INFOPLIST_FILE = YES;
				IPHONEOS_DEPLOYMENT_TARGET = 16.4;
				MARKETING_VERSION = 1.0;
				PRODUCT_BUNDLE_IDENTIFIER = cencivic.GetPhotoLiveTests;
				PRODUCT_NAME = "$(TARGET_NAME)";
				SWIFT_EMIT_LOC_STRINGS = NO;
				SWIFT_VERSION = 5.0;
				TARGETED_DEVICE_FAMILY = "1,2";
				TEST_HOST = "$(BUILT_PRODUCTS_DIR)/GetPhotoLive.app/$(BUNDLE_EXECUTABLE_FOLDER_PATH)/GetPhotoLive";
			};
			name = Debug;
		};
		D723C36A2A03863A004B1591 /* Release */ = {
			isa = XCBuildConfiguration;
			buildSettings = {
				ALWAYS_EMBED_SWIFT_STANDARD_LIBRARIES = YES;
				BUNDLE_LOADER = "$(TEST_HOST)";
				CODE_SIGN_STYLE = Automatic;
				CURRENT_PROJECT_VERSION = 1;
				GENERATE_INFOPLIST_FILE = YES;
				IPHONEOS_DEPLOYMENT_TARGET = 16.4;
				MARKETING_VERSION = 1.0;
				PRODUCT_BUNDLE_IDENTIFIER = cencivic.GetPhotoLiveTests;
				PRODUCT_NAME = "$(TARGET_NAME)";
				SWIFT_EMIT_LOC_STRINGS = NO;
				SWIFT_VERSION = 5.0;
				TARGETED_DEVICE_FAMILY = "1,2";
				TEST_HOST = "$(BUILT_PRODUCTS_DIR)/GetPhotoLive.app/$(BUNDLE_EXECUTABLE_FOLDER_PATH)/GetPhotoLive";
			};
			name = Release;
		};
		D723C36C2A03863A004B1591 /* Debug */ = {
			isa = XCBuildConfiguration;
			buildSettings = {
				ALWAYS_EMBED_SWIFT_STANDARD_LIBRARIES = YES;
				CODE_SIGN_STYLE = Automatic;
				CURRENT_PROJECT_VERSION = 1;
				GENERATE_INFOPLIST_FILE = YES;
				MARKETING_VERSION = 1.0;
				PRODUCT_BUNDLE_IDENTIFIER = cencivic.GetPhotoLiveUITests;
				PRODUCT_NAME = "$(TARGET_NAME)";
				SWIFT_EMIT_LOC_STRINGS = NO;
				SWIFT_VERSION = 5.0;
				TARGETED_DEVICE_FAMILY = "1,2";
				TEST_TARGET_NAME = GetPhotoLive;
			};
			name = Debug;
		};
		D723C36D2A03863A004B1591 /* Release */ = {
			isa = XCBuildConfiguration;
			buildSettings = {
				ALWAYS_EMBED_SWIFT_STANDARD_LIBRARIES = YES;
				CODE_SIGN_STYLE = Automatic;
				CURRENT_PROJECT_VERSION = 1;
				GENERATE_INFOPLIST_FILE = YES;
				MARKETING_VERSION = 1.0;
				PRODUCT_BUNDLE_IDENTIFIER = cencivic.GetPhotoLiveUITests;
				PRODUCT_NAME = "$(TARGET_NAME)";
				SWIFT_EMIT_LOC_STRINGS = NO;
				SWIFT_VERSION = 5.0;
				TARGETED_DEVICE_FAMILY = "1,2";
				TEST_TARGET_NAME = GetPhotoLive;
			};
			name = Release;
		};
/* End XCBuildConfiguration section */

/* Begin XCConfigurationList section */
		D723C33C2A038638004B1591 /* Build configuration list for PBXProject "GetPhotoLive" */ = {
			isa = XCConfigurationList;
			buildConfigurations = (
				D723C3632A03863A004B1591 /* Debug */,
				D723C3642A03863A004B1591 /* Release */,
			);
			defaultConfigurationIsVisible = 0;
			defaultConfigurationName = Release;
		};
		D723C3652A03863A004B1591 /* Build configuration list for PBXNativeTarget "GetPhotoLive" */ = {
			isa = XCConfigurationList;
			buildConfigurations = (
				D723C3662A03863A004B1591 /* Debug */,
				D723C3672A03863A004B1591 /* Release */,
			);
			defaultConfigurationIsVisible = 0;
			defaultConfigurationName = Release;
		};
		D723C3682A03863A004B1591 /* Build configuration list for PBXNativeTarget "GetPhotoLiveTests" */ = {
			isa = XCConfigurationList;
			buildConfigurations = (
				D723C3692A03863A004B1591 /* Debug */,
				D723C36A2A03863A004B1591 /* Release */,
			);
			defaultConfigurationIsVisible = 0;
			defaultConfigurationName = Release;
		};
		D723C36B2A03863A004B1591 /* Build configuration list for PBXNativeTarget "GetPhotoLiveUITests" */ = {
			isa = XCConfigurationList;
			buildConfigurations = (
				D723C36C2A03863A004B1591 /* Debug */,
				D723C36D2A03863A004B1591 /* Release */,
			);
			defaultConfigurationIsVisible = 0;
			defaultConfigurationName = Release;
		};
/* End XCConfigurationList section */
	};
	rootObject = D723C3392A038638004B1591 /* Project object */;
}
